
Microsoft Visual Studio Solution File, Format Version 12.00
# Visual Studio Version 16
VisualStudioVersion = 16.0.33328.57
MinimumVisualStudioVersion = 10.0.40219.1
Project("{FAE04EC0-301F-11D3-BF4B-00C04F79EFBC}") = "calcu", "calcu\calcu.csproj", "{E13DDB6D-9C66-4643-9959-9E3F008DCA77}"
EndProject
Global
	GlobalSection(SolutionConfigurationPlatforms) = preSolution
		Debug|Any CPU = Debug|Any CPU
		Release|Any CPU = Release|Any CPU
	EndGlobalSection
	GlobalSection(ProjectConfigurationPlatforms) = postSolution
		{E13DDB6D-9C66-4643-9959-9E3F008DCA77}.Debug|Any CPU.ActiveCfg = Debug|Any CPU
		{E13DDB6D-9C66-4643-9959-9E3F008DCA77}.Debug|Any CPU.Build.0 = Debug|Any CPU
		{E13DDB6D-9C66-4643-9959-9E3F008DCA77}.Release|Any CPU.ActiveCfg = Release|Any CPU
		{E13DDB6D-9C66-4643-9959-9E3F008DCA77}.Release|Any CPU.Build.0 = Release|Any CPU
	EndGlobalSection
	GlobalSection(SolutionProperties) = preSolution
		HideSolutionNode = FALSE
	EndGlobalSection
	GlobalSection(ExtensibilityGlobals) = postSolution
		SolutionGuid = {5B0AB650-0F42-4F79-BAC4-B44CBADE2114}
	EndGlobalSection
EndGlobal
